
Microsoft Visual Studio Solution File, Format Version 12.00
# Visual Studio Version 17
VisualStudioVersion = 17.7.34009.444
MinimumVisualStudioVersion = 10.0.40219.1
Project("{FAE04EC0-301F-11D3-BF4B-00C04F79EFBC}") = "KTU-SA-API", "KTU-SA-API\KTU-SA-API.csproj", "{029180B4-96B7-4997-9A1B-DED3D51DBBE4}"
EndProject
Project("{2150E333-8FDC-42A3-9474-1A3956D46DE8}") = "Solution Items", "Solution Items", "{71952BED-7C18-425D-AF82-3EE379A48962}"
	ProjectSection(SolutionItems) = preProject
		.editorconfig = .editorconfig
	EndProjectSection
EndProject
Global
	GlobalSection(SolutionConfigurationPlatforms) = preSolution
		Debug|Any CPU = Debug|Any CPU
		Release|Any CPU = Release|Any CPU
	EndGlobalSection
	GlobalSection(ProjectConfigurationPlatforms) = postSolution
		{029180B4-96B7-4997-9A1B-DED3D51DBBE4}.Debug|Any CPU.ActiveCfg = Debug|Any CPU
		{029180B4-96B7-4997-9A1B-DED3D51DBBE4}.Debug|Any CPU.Build.0 = Debug|Any CPU
		{029180B4-96B7-4997-9A1B-DED3D51DBBE4}.Release|Any CPU.ActiveCfg = Release|Any CPU
		{029180B4-96B7-4997-9A1B-DED3D51DBBE4}.Release|Any CPU.Build.0 = Release|Any CPU
	EndGlobalSection
	GlobalSection(SolutionProperties) = preSolution
		HideSolutionNode = FALSE
	EndGlobalSection
	GlobalSection(ExtensibilityGlobals) = postSolution
		SolutionGuid = {E625C9EC-7CF4-423C-B5EB-10FBD57B2DF5}
	EndGlobalSection
EndGlobal
